
Microsoft Visual Studio Solution File, Format Version 12.00
# Visual Studio Version 17
VisualStudioVersion = 17.7.34009.444
MinimumVisualStudioVersion = 10.0.40219.1
Project("{FAE04EC0-301F-11D3-BF4B-00C04F79EFBC}") = "PasswortApp", "PasswortApp\PasswortApp.csproj", "{834B1969-7408-493A-B2C7-AEDDA26B349C}"
EndProject
Project("{2150E333-8FDC-42A3-9474-1A3956D46DE8}") = "Projektmappenelemente", "Projektmappenelemente", "{CFE2F9BA-F906-4ED8-A814-5732D84B840F}"
	ProjectSection(SolutionItems) = preProject
		PasswortApp\bin\Debug\copy.png = PasswortApp\bin\Debug\copy.png
	EndProjectSection
EndProject
Project("{54435603-DBB4-11D2-8724-00A0C9A8B90C}") = "PasswordSaverSetup", "PasswordSaverSetup\PasswordSaverSetup.vdproj", "{765204D1-7A25-4AD1-9143-C7C50A4A2695}"
EndProject
Global
	GlobalSection(SolutionConfigurationPlatforms) = preSolution
		Debug|Any CPU = Debug|Any CPU
		Release|Any CPU = Release|Any CPU
	EndGlobalSection
	GlobalSection(ProjectConfigurationPlatforms) = postSolution
		{834B1969-7408-493A-B2C7-AEDDA26B349C}.Debug|Any CPU.ActiveCfg = Debug|Any CPU
		{834B1969-7408-493A-B2C7-AEDDA26B349C}.Debug|Any CPU.Build.0 = Debug|Any CPU
		{834B1969-7408-493A-B2C7-AEDDA26B349C}.Release|Any CPU.ActiveCfg = Release|Any CPU
		{834B1969-7408-493A-B2C7-AEDDA26B349C}.Release|Any CPU.Build.0 = Release|Any CPU
		{765204D1-7A25-4AD1-9143-C7C50A4A2695}.Debug|Any CPU.ActiveCfg = Debug
		{765204D1-7A25-4AD1-9143-C7C50A4A2695}.Release|Any CPU.ActiveCfg = Release
	EndGlobalSection
	GlobalSection(SolutionProperties) = preSolution
		HideSolutionNode = FALSE
	EndGlobalSection
	GlobalSection(ExtensibilityGlobals) = postSolution
		SolutionGuid = {0DE8C74D-03F6-4390-BB11-94CD3E331DDA}
	EndGlobalSection
EndGlobal
